
Microsoft Visual Studio Solution File, Format Version 12.00
# Visual Studio Version 17
VisualStudioVersion = 17.7.34031.279
MinimumVisualStudioVersion = 10.0.40219.1
Project("{9A19103F-16F7-4668-BE54-9A1E7A4F7556}") = "AccidentStatisticalAnalysisSystem.WepApi", "AccidentStatisticalAnalysisSystem.WepApi\AccidentStatisticalAnalysisSystem.WepApi.csproj", "{AC1C19CA-A907-4AD1-8C3D-95568F3BF5E8}"
EndProject
Project("{FAE04EC0-301F-11D3-BF4B-00C04F79EFBC}") = "AccidentStatisticalAnalysisSystem.Entities", "AccidentStatisticalAnalysisSystem.Entities\AccidentStatisticalAnalysisSystem.Entities.csproj", "{C5ECD1F1-86B7-4B1A-8023-301C256771AA}"
EndProject
Project("{FAE04EC0-301F-11D3-BF4B-00C04F79EFBC}") = "AccidentStatisticalAnalysisSystem.Bussiness", "AccidentStatisticalAnalysisSystem.Bussiness\AccidentStatisticalAnalysisSystem.Bussiness.csproj", "{EA2EE99A-A922-472A-8D9B-D977FE6F5286}"
EndProject
Project("{FAE04EC0-301F-11D3-BF4B-00C04F79EFBC}") = "AccidentStatisticalAnalysisSystem.DataAccess", "AccidentStatisticalAnalysisSystem.DataAccess\AccidentStatisticalAnalysisSystem.DataAccess.csproj", "{FD244DAB-F71E-4F53-8821-4584BD5221D4}"
EndProject
Global
	GlobalSection(SolutionConfigurationPlatforms) = preSolution
		Debug|Any CPU = Debug|Any CPU
		Release|Any CPU = Release|Any CPU
	EndGlobalSection
	GlobalSection(ProjectConfigurationPlatforms) = postSolution
		{AC1C19CA-A907-4AD1-8C3D-95568F3BF5E8}.Debug|Any CPU.ActiveCfg = Debug|Any CPU
		{AC1C19CA-A907-4AD1-8C3D-95568F3BF5E8}.Debug|Any CPU.Build.0 = Debug|Any CPU
		{AC1C19CA-A907-4AD1-8C3D-95568F3BF5E8}.Release|Any CPU.ActiveCfg = Release|Any CPU
		{AC1C19CA-A907-4AD1-8C3D-95568F3BF5E8}.Release|Any CPU.Build.0 = Release|Any CPU
		{C5ECD1F1-86B7-4B1A-8023-301C256771AA}.Debug|Any CPU.ActiveCfg = Debug|Any CPU
		{C5ECD1F1-86B7-4B1A-8023-301C256771AA}.Debug|Any CPU.Build.0 = Debug|Any CPU
		{C5ECD1F1-86B7-4B1A-8023-301C256771AA}.Release|Any CPU.ActiveCfg = Release|Any CPU
		{C5ECD1F1-86B7-4B1A-8023-301C256771AA}.Release|Any CPU.Build.0 = Release|Any CPU
		{EA2EE99A-A922-472A-8D9B-D977FE6F5286}.Debug|Any CPU.ActiveCfg = Debug|Any CPU
		{EA2EE99A-A922-472A-8D9B-D977FE6F5286}.Debug|Any CPU.Build.0 = Debug|Any CPU
		{EA2EE99A-A922-472A-8D9B-D977FE6F5286}.Release|Any CPU.ActiveCfg = Release|Any CPU
		{EA2EE99A-A922-472A-8D9B-D977FE6F5286}.Release|Any CPU.Build.0 = Release|Any CPU
		{FD244DAB-F71E-4F53-8821-4584BD5221D4}.Debug|Any CPU.ActiveCfg = Debug|Any CPU
		{FD244DAB-F71E-4F53-8821-4584BD5221D4}.Debug|Any CPU.Build.0 = Debug|Any CPU
		{FD244DAB-F71E-4F53-8821-4584BD5221D4}.Release|Any CPU.ActiveCfg = Release|Any CPU
		{FD244DAB-F71E-4F53-8821-4584BD5221D4}.Release|Any CPU.Build.0 = Release|Any CPU
	EndGlobalSection
	GlobalSection(SolutionProperties) = preSolution
		HideSolutionNode = FALSE
	EndGlobalSection
	GlobalSection(ExtensibilityGlobals) = postSolution
		SolutionGuid = {382CE13E-724D-4FFB-9478-106530B53451}
	EndGlobalSection
EndGlobal
